PODS:
  - Flutter (1.0.0)
  - flutter_app_version_checker (1.0.0):
    - Flutter
  - package_info_plus (0.4.5):
    - Flutter

DEPENDENCIES:
  - Flutter (from `Flutter`)
  - flutter_app_version_checker (from `.symlinks/plugins/flutter_app_version_checker/ios`)
  - package_info_plus (from `.symlinks/plugins/package_info_plus/ios`)

EXTERNAL SOURCES:
  Flutter:
    :path: Flutter
  flutter_app_version_checker:
    :path: ".symlinks/plugins/flutter_app_version_checker/ios"
  package_info_plus:
    :path: ".symlinks/plugins/package_info_plus/ios"

SPEC CHECKSUMS:
  Flutter: f04841e97a9d0b0a8025694d0796dd46242b2854
  flutter_app_version_checker: 1276e51c559741db53366220e9954c58cb8f2108
  package_info_plus: 6c92f08e1f853dc01228d6f553146438dafcd14e

PODFILE CHECKSUM: a176ad0336ee1924f356556619dc7de5c61f7dc6

COCOAPODS: 1.11.3
